{
  "name": "@absreim/react-bootstrap-data-grid-monorepo",
  "lockfileVersion": 3,
  "requires": true,
  "packages": {
    "": {
      "name": "@absreim/react-bootstrap-data-grid-monorepo",
      "workspaces": [
        "grid"
      ]
    },
    "grid": {},
    "grid/dist": {
      "name": "@absreim/react-bootstrap-data-grid",
      "version": "1.4.1",
      "extraneous": true,
      "license": "MIT",
      "dependencies": {
        "classnames": "^2.5.1",
        "dayjs": "^1.11.13"
      },
      "peerDependencies": {
        "react": "^19",
        "react-dom": "^19"
      }
    },
    "node_modules/@absreim/react-bootstrap-data-grid": {
      "resolved": "grid",
      "link": true
    }
  }
}
